
Microsoft Visual Studio Solution File, Format Version 12.00
# Visual Studio Version 17
VisualStudioVersion = 17.4.33103.184
MinimumVisualStudioVersion = 10.0.40219.1
Project("{FAE04EC0-301F-11D3-BF4B-00C04F79EFBC}") = "WeatherMap API", "WeatherMap API\WeatherMap API.csproj", "{AFB3454B-0CC0-4430-A50F-D4D85F1DF486}"
EndProject
Project("{2150E333-8FDC-42A3-9474-1A3956D46DE8}") = "Solution Items", "Solution Items", "{22EE95A2-37C0-4AF9-A484-50F53A9D3501}"
	ProjectSection(SolutionItems) = preProject
		.gitignore = .gitignore
	EndProjectSection
EndProject
Global
	GlobalSection(SolutionConfigurationPlatforms) = preSolution
		Debug|Any CPU = Debug|Any CPU
		Release|Any CPU = Release|Any CPU
	EndGlobalSection
	GlobalSection(ProjectConfigurationPlatforms) = postSolution
		{AFB3454B-0CC0-4430-A50F-D4D85F1DF486}.Debug|Any CPU.ActiveCfg = Debug|Any CPU
		{AFB3454B-0CC0-4430-A50F-D4D85F1DF486}.Debug|Any CPU.Build.0 = Debug|Any CPU
		{AFB3454B-0CC0-4430-A50F-D4D85F1DF486}.Release|Any CPU.ActiveCfg = Release|Any CPU
		{AFB3454B-0CC0-4430-A50F-D4D85F1DF486}.Release|Any CPU.Build.0 = Release|Any CPU
	EndGlobalSection
	GlobalSection(SolutionProperties) = preSolution
		HideSolutionNode = FALSE
	EndGlobalSection
	GlobalSection(ExtensibilityGlobals) = postSolution
		SolutionGuid = {5906CB5E-B54D-4712-9DE7-680B2D289A37}
	EndGlobalSection
EndGlobal
